{
  "version": 4,
  "terraform_version": "1.5.7",
  "serial": 44,
  "lineage": "a95d0086-d11c-efd8-f9be-03b79b97c35a",
  "outputs": {},
  "resources": [
    {
      "mode": "managed",
      "type": "google_artifact_registry_repository",
      "name": "itah_networking",
      "provider": "provider[\"registry.terraform.io/hashicorp/google\"]",
      "instances": [
        {
          "schema_version": 0,
          "attributes": {
            "cleanup_policies": [],
            "cleanup_policy_dry_run": false,
            "create_time": "2026-05-18T19:11:45.922210Z",
            "description": "",
            "docker_config": [],
            "effective_labels": {
              "goog-terraform-provisioned": "true"
            },
            "format": "DOCKER",
            "id": "projects/itah-networking/locations/us-central1/repositories/toy",
            "kms_key_name": "",
            "labels": {},
            "location": "us-central1",
            "maven_config": [],
            "mode": "STANDARD_REPOSITORY",
            "name": "toy",
            "project": "itah-networking",
            "registry_uri": "us-central1-docker.pkg.dev/itah-networking/toy",
            "remote_repository_config": [],
            "repository_id": "toy",
            "terraform_labels": {
              "goog-terraform-provisioned": "true"
            },
            "timeouts": null,
            "update_time": "2026-05-18T19:23:07.584608Z",
            "virtual_repository_config": [],
            "vulnerability_scanning_config": [
              {
                "enablement_config": "",
                "enablement_state": "SCANNING_DISABLED",
                "enablement_state_reason": "API containerscanning.googleapis.com is not enabled."
              }
            ]
          },
          "sensitive_attributes": [],
          "private": "eyJlMmJmYjczMC1lY2FhLTExZTYtOGY4OC0zNDM2M2JjN2M0YzAiOnsiY3JlYXRlIjoxMjAwMDAwMDAwMDAwLCJkZWxldGUiOjEyMDAwMDAwMDAwMDAsInVwZGF0ZSI6MTIwMDAwMDAwMDAwMH19"
        }
      ]
    },
    {
      "mode": "managed",
      "type": "google_compute_firewall",
      "name": "edge",
      "provider": "provider[\"registry.terraform.io/hashicorp/google\"]",
      "instances": [
        {
          "schema_version": 1,
          "attributes": {
            "allow": [
              {
                "ports": [
                  "80"
                ],
                "protocol": "tcp"
              }
            ],
            "creation_timestamp": "2026-05-18T12:41:51.683-07:00",
            "deny": [],
            "description": "",
            "destination_ranges": [],
            "direction": "INGRESS",
            "disabled": false,
            "enable_logging": null,
            "id": "projects/itah-networking/global/firewalls/allow-edge",
            "log_config": [],
            "name": "allow-edge",
            "network": "https://www.googleapis.com/compute/v1/projects/itah-networking/global/networks/default",
            "params": [],
            "priority": 1000,
            "project": "itah-networking",
            "self_link": "https://www.googleapis.com/compute/v1/projects/itah-networking/global/firewalls/allow-edge",
            "source_ranges": [
              "0.0.0.0/0"
            ],
            "source_service_accounts": [],
            "source_tags": [],
            "target_service_accounts": [],
            "target_tags": [
              "edge",
              "toy"
            ],
            "timeouts": null
          },
          "sensitive_attributes": [],
          "private": "eyJlMmJmYjczMC1lY2FhLTExZTYtOGY4OC0zNDM2M2JjN2M0YzAiOnsiY3JlYXRlIjoxMjAwMDAwMDAwMDAwLCJkZWxldGUiOjEyMDAwMDAwMDAwMDAsInVwZGF0ZSI6MTIwMDAwMDAwMDAwMH0sInNjaGVtYV92ZXJzaW9uIjoiMSJ9"
        }
      ]
    },
    {
      "mode": "managed",
      "type": "google_compute_firewall",
      "name": "origin",
      "provider": "provider[\"registry.terraform.io/hashicorp/google\"]",
      "instances": [
        {
          "schema_version": 1,
          "attributes": {
            "allow": [
              {
                "ports": [
                  "3000"
                ],
                "protocol": "tcp"
              }
            ],
            "creation_timestamp": "2026-05-18T10:36:47.060-07:00",
            "deny": [],
            "description": "",
            "destination_ranges": [],
            "direction": "INGRESS",
            "disabled": false,
            "enable_logging": null,
            "id": "projects/itah-networking/global/firewalls/allow-origin",
            "log_config": [],
            "name": "allow-origin",
            "network": "https://www.googleapis.com/compute/v1/projects/itah-networking/global/networks/default",
            "params": [],
            "priority": 1000,
            "project": "itah-networking",
            "self_link": "https://www.googleapis.com/compute/v1/projects/itah-networking/global/firewalls/allow-origin",
            "source_ranges": [
              "0.0.0.0/0"
            ],
            "source_service_accounts": [],
            "source_tags": [],
            "target_service_accounts": [],
            "target_tags": [
              "origin"
            ],
            "timeouts": null
          },
          "sensitive_attributes": [],
          "private": "eyJlMmJmYjczMC1lY2FhLTExZTYtOGY4OC0zNDM2M2JjN2M0YzAiOnsiY3JlYXRlIjoxMjAwMDAwMDAwMDAwLCJkZWxldGUiOjEyMDAwMDAwMDAwMDAsInVwZGF0ZSI6MTIwMDAwMDAwMDAwMH0sInNjaGVtYV92ZXJzaW9uIjoiMSJ9"
        }
      ]
    },
    {
      "module": "module.edge",
      "mode": "managed",
      "type": "google_compute_instance",
      "name": "this",
      "provider": "provider[\"registry.terraform.io/hashicorp/google\"]",
      "instances": [
        {
          "schema_version": 6,
          "attributes": {
            "advanced_machine_features": [],
            "allow_stopping_for_update": null,
            "attached_disk": [],
            "boot_disk": [
              {
                "auto_delete": true,
                "device_name": "persistent-disk-0",
                "disk_encryption_key_raw": "",
                "disk_encryption_key_rsa": "",
                "disk_encryption_key_sha256": "",
                "disk_encryption_service_account": "",
                "force_attach": false,
                "guest_os_features": [
                  "SECURE_BOOT",
                  "TDX_CAPABLE",
                  "SEV_CAPABLE",
                  "GVNIC",
                  "SEV_LIVE_MIGRATABLE",
                  "SEV_SNP_CAPABLE",
                  "UEFI_COMPATIBLE",
                  "SEV_LIVE_MIGRATABLE_V2",
                  "IDPF",
                  "VIRTIO_SCSI_MULTIQUEUE"
                ],
                "initialize_params": [
                  {
                    "architecture": "X86_64",
                    "enable_confidential_compute": false,
                    "image": "https://www.googleapis.com/compute/v1/projects/cos-cloud/global/images/cos-stable-121-18867-381-125",
                    "labels": {},
                    "provisioned_iops": 0,
                    "provisioned_throughput": 0,
                    "replica_zones": [],
                    "resource_manager_tags": {},
                    "resource_policies": [],
                    "size": 10,
                    "snapshot": "",
                    "source_image_encryption_key": [],
                    "source_snapshot_encryption_key": [],
                    "storage_pool": "",
                    "type": "pd-standard"
                  }
                ],
                "interface": "",
                "kms_key_self_link": "",
                "mode": "READ_WRITE",
                "source": "https://www.googleapis.com/compute/v1/projects/itah-networking/zones/us-central1-a/disks/edge"
              }
            ],
            "can_ip_forward": false,
            "confidential_instance_config": [],
            "cpu_platform": "Intel Broadwell",
            "creation_timestamp": "2026-05-18T12:45:10.347-07:00",
            "current_status": "RUNNING",
            "deletion_protection": false,
            "description": "",
            "desired_status": null,
            "effective_labels": {
              "goog-terraform-provisioned": "true"
            },
            "enable_display": false,
            "guest_accelerator": [],
            "hostname": "",
            "id": "projects/itah-networking/zones/us-central1-a/instances/edge",
            "instance_encryption_key": [],
            "instance_id": "7404308142825591465",
            "key_revocation_action_type": "",
            "label_fingerprint": "vezUS-42LLM=",
            "labels": {},
            "machine_type": "e2-micro",
            "metadata": {
              "nginx-conf": "server {\n  listen 80;\n  location / {\n    proxy_pass http://10.128.0.2:3000;\n    proxy_set_header Host $host;\n    proxy_set_header X-Forwarded-For $proxy_add_x_forwarded_for;\n    proxy_set_header X-Real-IP $remote_addr;\n    add_header X-Config-Version \"v2\"\n  }\n}\n",
              "startup-script": "#!/bin/bash\nset -eo pipefail\nmkdir -p /var/lib/nginx\ncurl -sf -H \"Metadata-Flavor: Google\" \\\n  http://metadata.google.internal/computeMetadata/v1/instance/attributes/nginx-conf \\\n  \u003e /var/lib/nginx/default.conf\ndocker run -d --restart=always --name nginx-proxy \\\n  -p 80:80 \\\n  -v /var/lib/nginx/default.conf:/etc/nginx/conf.d/default.conf:ro \\\n  nginx\n"
            },
            "metadata_fingerprint": "NZWddTFN3jQ=",
            "metadata_startup_script": null,
            "min_cpu_platform": "",
            "name": "edge",
            "network_interface": [
              {
                "access_config": [
                  {
                    "nat_ip": "34.27.187.191",
                    "network_tier": "PREMIUM",
                    "public_ptr_domain_name": ""
                  }
                ],
                "alias_ip_range": [],
                "igmp_query": "",
                "internal_ipv6_prefix_length": 0,
                "ipv6_access_config": [],
                "ipv6_access_type": "",
                "ipv6_address": "",
                "name": "nic0",
                "network": "https://www.googleapis.com/compute/v1/projects/itah-networking/global/networks/default",
                "network_attachment": "",
                "network_ip": "10.128.0.4",
                "nic_type": "",
                "parent_nic_name": "",
                "queue_count": 0,
                "stack_type": "IPV4_ONLY",
                "subnetwork": "https://www.googleapis.com/compute/v1/projects/itah-networking/regions/us-central1/subnetworks/default",
                "subnetwork_project": "itah-networking",
                "vlan": 0
              }
            ],
            "network_performance_config": [],
            "params": [],
            "project": "itah-networking",
            "reservation_affinity": [],
            "resource_policies": [],
            "scheduling": [
              {
                "automatic_restart": true,
                "availability_domain": 0,
                "instance_termination_action": "",
                "local_ssd_recovery_timeout": [],
                "max_run_duration": [],
                "min_node_cpus": 0,
                "node_affinities": [],
                "on_host_maintenance": "MIGRATE",
                "on_instance_stop_action": [],
                "preemptible": false,
                "provisioning_model": "STANDARD",
                "termination_time": ""
              }
            ],
            "scratch_disk": [],
            "self_link": "https://www.googleapis.com/compute/v1/projects/itah-networking/zones/us-central1-a/instances/edge",
            "service_account": [],
            "shielded_instance_config": [
              {
                "enable_integrity_monitoring": true,
                "enable_secure_boot": false,
                "enable_vtpm": true
              }
            ],
            "tags": [
              "edge",
              "toy"
            ],
            "tags_fingerprint": "yCVq0tX2EfM=",
            "terraform_labels": {
              "goog-terraform-provisioned": "true"
            },
            "timeouts": null,
            "zone": "us-central1-a"
          },
          "sensitive_attributes": [],
          "private": "eyJlMmJmYjczMC1lY2FhLTExZTYtOGY4OC0zNDM2M2JjN2M0YzAiOnsiY3JlYXRlIjoxMjAwMDAwMDAwMDAwLCJkZWxldGUiOjEyMDAwMDAwMDAwMDAsInVwZGF0ZSI6MTIwMDAwMDAwMDAwMH0sInNjaGVtYV92ZXJzaW9uIjoiNiJ9",
          "dependencies": [
            "module.origin.google_compute_instance.this"
          ]
        }
      ]
    },
    {
      "module": "module.origin",
      "mode": "data",
      "type": "google_project",
      "name": "current",
      "provider": "provider[\"registry.terraform.io/hashicorp/google\"]",
      "instances": [
        {
          "schema_version": 0,
          "attributes": {
            "auto_create_network": null,
            "billing_account": "01AC2C-653480-B873A5",
            "deletion_policy": "PREVENT",
            "effective_labels": {},
            "folder_id": null,
            "id": "projects/itah-networking",
            "labels": {},
            "name": "itah-networking",
            "number": "81062777522",
            "org_id": null,
            "project_id": "itah-networking",
            "tags": null,
            "terraform_labels": {}
          },
          "sensitive_attributes": []
        }
      ]
    },
    {
      "module": "module.origin",
      "mode": "managed",
      "type": "google_compute_instance",
      "name": "this",
      "provider": "provider[\"registry.terraform.io/hashicorp/google\"]",
      "instances": [
        {
          "schema_version": 6,
          "attributes": {
            "advanced_machine_features": [],
            "allow_stopping_for_update": null,
            "attached_disk": [],
            "boot_disk": [
              {
                "auto_delete": true,
                "device_name": "persistent-disk-0",
                "disk_encryption_key_raw": "",
                "disk_encryption_key_rsa": "",
                "disk_encryption_key_sha256": "",
                "disk_encryption_service_account": "",
                "force_attach": false,
                "guest_os_features": [
                  "SECURE_BOOT",
                  "TDX_CAPABLE",
                  "SEV_CAPABLE",
                  "GVNIC",
                  "SEV_LIVE_MIGRATABLE",
                  "SEV_SNP_CAPABLE",
                  "UEFI_COMPATIBLE",
                  "SEV_LIVE_MIGRATABLE_V2",
                  "IDPF",
                  "VIRTIO_SCSI_MULTIQUEUE"
                ],
                "initialize_params": [
                  {
                    "architecture": "X86_64",
                    "enable_confidential_compute": false,
                    "image": "https://www.googleapis.com/compute/v1/projects/cos-cloud/global/images/cos-stable-121-18867-381-125",
                    "labels": {},
                    "provisioned_iops": 0,
                    "provisioned_throughput": 0,
                    "replica_zones": [],
                    "resource_manager_tags": {},
                    "resource_policies": [],
                    "size": 10,
                    "snapshot": "",
                    "source_image_encryption_key": [],
                    "source_snapshot_encryption_key": [],
                    "storage_pool": "",
                    "type": "pd-standard"
                  }
                ],
                "interface": "",
                "kms_key_self_link": "",
                "mode": "READ_WRITE",
                "source": "https://www.googleapis.com/compute/v1/projects/itah-networking/zones/us-central1-a/disks/origin"
              }
            ],
            "can_ip_forward": false,
            "confidential_instance_config": [],
            "cpu_platform": "Intel Broadwell",
            "creation_timestamp": "2026-05-18T10:36:48.856-07:00",
            "current_status": "RUNNING",
            "deletion_protection": false,
            "description": "",
            "desired_status": null,
            "effective_labels": {
              "goog-terraform-provisioned": "true"
            },
            "enable_display": false,
            "guest_accelerator": [],
            "hostname": "",
            "id": "projects/itah-networking/zones/us-central1-a/instances/origin",
            "instance_encryption_key": [],
            "instance_id": "5993834990124069087",
            "key_revocation_action_type": "",
            "label_fingerprint": "vezUS-42LLM=",
            "labels": {},
            "machine_type": "e2-micro",
            "metadata": {
              "startup-script": "#!/bin/bash\nset -eo pipefail\nHOME=/home/chronos docker-credential-gcr configure-docker --registries=us-central1-docker.pkg.dev\nHOME=/home/chronos docker pull us-central1-docker.pkg.dev/itah-networking/toy/origin:latest\ndocker run -d --restart=always -p 3000:3000 \\\n  -e PORT=3000 \\\n  --name origin \\\n  us-central1-docker.pkg.dev/itah-networking/toy/origin:latest\n"
            },
            "metadata_fingerprint": "OY3sdTGA2LY=",
            "metadata_startup_script": null,
            "min_cpu_platform": "",
            "name": "origin",
            "network_interface": [
              {
                "access_config": [
                  {
                    "nat_ip": "34.58.120.210",
                    "network_tier": "PREMIUM",
                    "public_ptr_domain_name": ""
                  }
                ],
                "alias_ip_range": [],
                "igmp_query": "",
                "internal_ipv6_prefix_length": 0,
                "ipv6_access_config": [],
                "ipv6_access_type": "",
                "ipv6_address": "",
                "name": "nic0",
                "network": "https://www.googleapis.com/compute/v1/projects/itah-networking/global/networks/default",
                "network_attachment": "",
                "network_ip": "10.128.0.2",
                "nic_type": "",
                "parent_nic_name": "",
                "queue_count": 0,
                "stack_type": "IPV4_ONLY",
                "subnetwork": "https://www.googleapis.com/compute/v1/projects/itah-networking/regions/us-central1/subnetworks/default",
                "subnetwork_project": "itah-networking",
                "vlan": 0
              }
            ],
            "network_performance_config": [],
            "params": [],
            "project": "itah-networking",
            "reservation_affinity": [],
            "resource_policies": [],
            "scheduling": [
              {
                "automatic_restart": true,
                "availability_domain": 0,
                "instance_termination_action": "",
                "local_ssd_recovery_timeout": [],
                "max_run_duration": [],
                "min_node_cpus": 0,
                "node_affinities": [],
                "on_host_maintenance": "MIGRATE",
                "on_instance_stop_action": [],
                "preemptible": false,
                "provisioning_model": "STANDARD",
                "termination_time": ""
              }
            ],
            "scratch_disk": [],
            "self_link": "https://www.googleapis.com/compute/v1/projects/itah-networking/zones/us-central1-a/instances/origin",
            "service_account": [
              {
                "email": "origin-vm@itah-networking.iam.gserviceaccount.com",
                "scopes": [
                  "https://www.googleapis.com/auth/cloud-platform"
                ]
              }
            ],
            "shielded_instance_config": [
              {
                "enable_integrity_monitoring": true,
                "enable_secure_boot": false,
                "enable_vtpm": true
              }
            ],
            "tags": [
              "origin",
              "toy"
            ],
            "tags_fingerprint": "1LmsUJcQRUE=",
            "terraform_labels": {
              "goog-terraform-provisioned": "true"
            },
            "timeouts": null,
            "zone": "us-central1-a"
          },
          "sensitive_attributes": [],
          "private": "eyJlMmJmYjczMC1lY2FhLTExZTYtOGY4OC0zNDM2M2JjN2M0YzAiOnsiY3JlYXRlIjoxMjAwMDAwMDAwMDAwLCJkZWxldGUiOjEyMDAwMDAwMDAwMDAsInVwZGF0ZSI6MTIwMDAwMDAwMDAwMH0sInNjaGVtYV92ZXJzaW9uIjoiNiJ9",
          "dependencies": [
            "module.origin.google_service_account.vm"
          ]
        }
      ]
    },
    {
      "module": "module.origin",
      "mode": "managed",
      "type": "google_project_iam_member",
      "name": "ar_reader",
      "provider": "provider[\"registry.terraform.io/hashicorp/google\"]",
      "instances": [
        {
          "schema_version": 0,
          "attributes": {
            "condition": [],
            "etag": "BwZSGvsfuIQ=",
            "id": "itah-networking/roles/artifactregistry.reader/serviceAccount:origin-vm@itah-networking.iam.gserviceaccount.com",
            "member": "serviceAccount:origin-vm@itah-networking.iam.gserviceaccount.com",
            "project": "itah-networking",
            "role": "roles/artifactregistry.reader"
          },
          "sensitive_attributes": [],
          "private": "bnVsbA==",
          "dependencies": [
            "module.origin.data.google_project.current",
            "module.origin.google_service_account.vm"
          ]
        }
      ]
    },
    {
      "module": "module.origin",
      "mode": "managed",
      "type": "google_service_account",
      "name": "vm",
      "provider": "provider[\"registry.terraform.io/hashicorp/google\"]",
      "instances": [
        {
          "schema_version": 0,
          "attributes": {
            "account_id": "origin-vm",
            "create_ignore_already_exists": null,
            "description": "",
            "disabled": false,
            "display_name": "origin VM",
            "email": "origin-vm@itah-networking.iam.gserviceaccount.com",
            "id": "projects/itah-networking/serviceAccounts/origin-vm@itah-networking.iam.gserviceaccount.com",
            "member": "serviceAccount:origin-vm@itah-networking.iam.gserviceaccount.com",
            "name": "projects/itah-networking/serviceAccounts/origin-vm@itah-networking.iam.gserviceaccount.com",
            "project": "itah-networking",
            "timeouts": null,
            "unique_id": "116715454353727748545"
          },
          "sensitive_attributes": [],
          "private": "eyJlMmJmYjczMC1lY2FhLTExZTYtOGY4OC0zNDM2M2JjN2M0YzAiOnsiY3JlYXRlIjozMDAwMDAwMDAwMDB9fQ=="
        }
      ]
    }
  ],
  "check_results": null
}
